
Microsoft Visual Studio Solution File, Format Version 12.00
# Visual Studio Version 16
VisualStudioVersion = 16.0.30907.101
MinimumVisualStudioVersion = 10.0.40219.1
Project("{9A19103F-16F7-4668-BE54-9A1E7A4F7556}") = "SongGetterWebAPI-AWS", "SongGetterWebAPI-AWS\SongGetterWebAPI-AWS.csproj", "{C3EE5062-65E9-44CF-B661-928C0EE4100F}"
EndProject
Global
	GlobalSection(SolutionConfigurationPlatforms) = preSolution
		Debug|Any CPU = Debug|Any CPU
		Release|Any CPU = Release|Any CPU
	EndGlobalSection
	GlobalSection(ProjectConfigurationPlatforms) = postSolution
		{C3EE5062-65E9-44CF-B661-928C0EE4100F}.Debug|Any CPU.ActiveCfg = Debug|Any CPU
		{C3EE5062-65E9-44CF-B661-928C0EE4100F}.Debug|Any CPU.Build.0 = Debug|Any CPU
		{C3EE5062-65E9-44CF-B661-928C0EE4100F}.Release|Any CPU.ActiveCfg = Release|Any CPU
		{C3EE5062-65E9-44CF-B661-928C0EE4100F}.Release|Any CPU.Build.0 = Release|Any CPU
	EndGlobalSection
	GlobalSection(SolutionProperties) = preSolution
		HideSolutionNode = FALSE
	EndGlobalSection
	GlobalSection(ExtensibilityGlobals) = postSolution
		SolutionGuid = {88F5549A-7B1C-4E61-91ED-7CF60375744B}
	EndGlobalSection
EndGlobal
